
Microsoft Visual Studio Solution File, Format Version 12.00
# Visual Studio Version 16
VisualStudioVersion = 16.0.29519.181
MinimumVisualStudioVersion = 10.0.40219.1
Project("{FAE04EC0-301F-11D3-BF4B-00C04F79EFBC}") = "ArbolesB", "ArbolesB.csproj", "{5ECCEA14-797E-41FA-B347-04ED68B3D70E}"
EndProject
Global
	GlobalSection(SolutionConfigurationPlatforms) = preSolution
		Debug|Any CPU = Debug|Any CPU
		Release|Any CPU = Release|Any CPU
	EndGlobalSection
	GlobalSection(ProjectConfigurationPlatforms) = postSolution
		{5ECCEA14-797E-41FA-B347-04ED68B3D70E}.Debug|Any CPU.ActiveCfg = Debug|Any CPU
		{5ECCEA14-797E-41FA-B347-04ED68B3D70E}.Debug|Any CPU.Build.0 = Debug|Any CPU
		{5ECCEA14-797E-41FA-B347-04ED68B3D70E}.Release|Any CPU.ActiveCfg = Release|Any CPU
		{5ECCEA14-797E-41FA-B347-04ED68B3D70E}.Release|Any CPU.Build.0 = Release|Any CPU
	EndGlobalSection
	GlobalSection(SolutionProperties) = preSolution
		HideSolutionNode = FALSE
	EndGlobalSection
	GlobalSection(ExtensibilityGlobals) = postSolution
		SolutionGuid = {B80CA6E6-483E-48B4-AD54-D107540D46B0}
	EndGlobalSection
EndGlobal
